PODS:
  - TinyConstraints (4.0.2)
  - UScrollView (0.1.0):
    - TinyConstraints (~> 4.0.0)

DEPENDENCIES:
  - TinyConstraints (~> 4.0.0)
  - UScrollView (from `../`)

SPEC REPOS:
  trunk:
    - TinyConstraints

EXTERNAL SOURCES:
  UScrollView:
    :path: "../"

SPEC CHECKSUMS:
  TinyConstraints: 7b7ccc0c485bb3bb47082138ff28bc33cd49897f
  UScrollView: c0971f4987fb6b9bcaf2b3a79ae9f6cc20839f03

PODFILE CHECKSUM: cd1dbd38855aa914492a3969f69489635876a280

COCOAPODS: 1.11.3
